// !$*UTF8*$!
{
	archiveVersion = 1;
	classes = {
	};
	objectVersion = 50;
	objects = {

/* Begin PBXBuildFile section */
		FE00A6AC24498013003AE534 /* HouseScene.sks in Resources */ = {isa = PBXBuildFile; fileRef = FE00A6AB24498013003AE534 /* HouseScene.sks */; };
		FE00A6AE2449802B003AE534 /* HouseScene.swift in Sources */ = {isa = PBXBuildFile; fileRef = FE00A6AD2449802B003AE534 /* HouseScene.swift */; };
		FE2F43372436B24A008C04E9 /* AppDelegate.swift in Sources */ = {isa = PBXBuildFile; fileRef = FE2F43362436B24A008C04E9 /* AppDelegate.swift */; };
		FE2F43392436B24A008C04E9 /* GameScene.sks in Resources */ = {isa = PBXBuildFile; fileRef = FE2F43382436B24A008C04E9 /* GameScene.sks */; };
		FE2F433B2436B24A008C04E9 /* Actions.sks in Resources */ = {isa = PBXBuildFile; fileRef = FE2F433A2436B24A008C04E9 /* Actions.sks */; };
		FE2F433D2436B24A008C04E9 /* GameScene.swift in Sources */ = {isa = PBXBuildFile; fileRef = FE2F433C2436B24A008C04E9 /* GameScene.swift */; };
		FE2F433F2436B24A008C04E9 /* GameViewController.swift in Sources */ = {isa = PBXBuildFile; fileRef = FE2F433E2436B24A008C04E9 /* GameViewController.swift */; };
		FE2F43422436B24A008C04E9 /* Main.storyboard in Resources */ = {isa = PBXBuildFile; fileRef = FE2F43402436B24A008C04E9 /* Main.storyboard */; };
		FE2F43442436B24D008C04E9 /* Assets.xcassets in Resources */ = {isa = PBXBuildFile; fileRef = FE2F43432436B24D008C04E9 /* Assets.xcassets */; };
		FE2F43472436B24D008C04E9 /* LaunchScreen.storyboard in Resources */ = {isa = PBXBuildFile; fileRef = FE2F43452436B24D008C04E9 /* LaunchScreen.storyboard */; };
		FE2F43532436B3A8008C04E9 /* dirt_grass.png in Resources */ = {isa = PBXBuildFile; fileRef = FE2F43522436B3A8008C04E9 /* dirt_grass.png */; };
		FE2F43552436B71C008C04E9 /* star1.png in Resources */ = {isa = PBXBuildFile; fileRef = FE2F43542436B71C008C04E9 /* star1.png */; };
		FE2F43572436B865008C04E9 /* purple.png in Resources */ = {isa = PBXBuildFile; fileRef = FE2F43562436B865008C04E9 /* purple.png */; };
		FE2F43592436C441008C04E9 /* gravel_dirt.png in Resources */ = {isa = PBXBuildFile; fileRef = FE2F43582436C440008C04E9 /* gravel_dirt.png */; };
		FE2F435C243785D9008C04E9 /* dirt_sand.png in Resources */ = {isa = PBXBuildFile; fileRef = FE2F435B243785D8008C04E9 /* dirt_sand.png */; };
		FE2F435E2437A8A3008C04E9 /* playerShip1_blue.png in Resources */ = {isa = PBXBuildFile; fileRef = FE2F435D2437A8A2008C04E9 /* playerShip1_blue.png */; };
		FE2F43602437AA34008C04E9 /* ufoGreen.png in Resources */ = {isa = PBXBuildFile; fileRef = FE2F435F2437AA33008C04E9 /* ufoGreen.png */; };
		FE2F43622437AAEF008C04E9 /* gravel_stone.png in Resources */ = {isa = PBXBuildFile; fileRef = FE2F43612437AAEE008C04E9 /* gravel_stone.png */; };
		FE2F436424383B92008C04E9 /* fence_wood.png in Resources */ = {isa = PBXBuildFile; fileRef = FE2F436324383B91008C04E9 /* fence_wood.png */; };
		FE2F43662438441D008C04E9 /* rock.png in Resources */ = {isa = PBXBuildFile; fileRef = FE2F43652438441D008C04E9 /* rock.png */; };
		FE2F436E24384788008C04E9 /* tile_grassPurpleLarge.png in Resources */ = {isa = PBXBuildFile; fileRef = FE2F436D24384788008C04E9 /* tile_grassPurpleLarge.png */; };
		FE2F4370243847F3008C04E9 /* wingMan1.png in Resources */ = {isa = PBXBuildFile; fileRef = FE2F436F243847F2008C04E9 /* wingMan1.png */; };
		FE2F43952438F786008C04E9 /* p1_duck.png in Resources */ = {isa = PBXBuildFile; fileRef = FE2F43782438F783008C04E9 /* p1_duck.png */; };
		FE2F43A32438F786008C04E9 /* p1_front.png in Resources */ = {isa = PBXBuildFile; fileRef = FE2F43872438F783008C04E9 /* p1_front.png */; };
		FE2F43A72438F786008C04E9 /* p1_hurt.png in Resources */ = {isa = PBXBuildFile; fileRef = FE2F438B2438F785008C04E9 /* p1_hurt.png */; };
		FE2F43A92438F786008C04E9 /* p1_jump.png in Resources */ = {isa = PBXBuildFile; fileRef = FE2F438D2438F785008C04E9 /* p1_jump.png */; };
		FE2F43AA2438F786008C04E9 /* p1_stand.png in Resources */ = {isa = PBXBuildFile; fileRef = FE2F438E2438F786008C04E9 /* p1_stand.png */; };
		FE2F43AC2438F8F8008C04E9 /* p1_walk.atlas in Resources */ = {isa = PBXBuildFile; fileRef = FE2F43AB2438F8F7008C04E9 /* p1_walk.atlas */; };
		FE3DBEF724467D6100963EA0 /* fire03.png in Resources */ = {isa = PBXBuildFile; fileRef = FE3DBEF624467D6100963EA0 /* fire03.png */; };
		FE3DBEF924467D6B00963EA0 /* fire07.png in Resources */ = {isa = PBXBuildFile; fileRef = FE3DBEF824467D6B00963EA0 /* fire07.png */; };
		FE3DBEFB24467D7500963EA0 /* fire10.png in Resources */ = {isa = PBXBuildFile; fileRef = FE3DBEFA24467D7400963EA0 /* fire10.png */; };
		FE3DBEFD24467D8A00963EA0 /* speed.png in Resources */ = {isa = PBXBuildFile; fileRef = FE3DBEFC24467D8A00963EA0 /* speed.png */; };
		FE3DBEFF24467E3700963EA0 /* nebula.png in Resources */ = {isa = PBXBuildFile; fileRef = FE3DBEFE24467E3700963EA0 /* nebula.png */; };
		FE3DBF0324467E5600963EA0 /* jetFlame2.png in Resources */ = {isa = PBXBuildFile; fileRef = FE3DBF0024467E5600963EA0 /* jetFlame2.png */; };
		FE3DBF0424467E5600963EA0 /* jetFlame1.png in Resources */ = {isa = PBXBuildFile; fileRef = FE3DBF0124467E5600963EA0 /* jetFlame1.png */; };
		FE3DBF0524467E5600963EA0 /* jetFlame3.png in Resources */ = {isa = PBXBuildFile; fileRef = FE3DBF0224467E5600963EA0 /* jetFlame3.png */; };
		FEE1005E2439927700973EB9 /* sound.swift in Sources */ = {isa = PBXBuildFile; fileRef = FEE1005D2439927700973EB9 /* sound.swift */; };
		FEE100622439957200973EB9 /* jumpSound.mp3 in Resources */ = {isa = PBXBuildFile; fileRef = FEE100612439957200973EB9 /* jumpSound.mp3 */; };
		FEE1C5C7243AA38F008F828F /* stoneHit1.mp3 in Resources */ = {isa = PBXBuildFile; fileRef = FEE1C5C6243AA38F008F828F /* stoneHit1.mp3 */; };
		FEE1C5C9243C1D75008F828F /* PlanetBuilding.swift in Sources */ = {isa = PBXBuildFile; fileRef = FEE1C5C8243C1D75008F828F /* PlanetBuilding.swift */; };
		FEE1C5CF243E541C008F828F /* SpaceScene.swift in Sources */ = {isa = PBXBuildFile; fileRef = FEE1C5CE243E541C008F828F /* SpaceScene.swift */; };
		FEE1C5D2243E55C0008F828F /* ladder_mid.png in Resources */ = {isa = PBXBuildFile; fileRef = FEE1C5D0243E55BF008F828F /* ladder_mid.png */; };
		FEE1C5D3243E55C0008F828F /* ladder_top.png in Resources */ = {isa = PBXBuildFile; fileRef = FEE1C5D1243E55C0008F828F /* ladder_top.png */; };
		FEE1C5D5243E55C8008F828F /* liquidLava.png in Resources */ = {isa = PBXBuildFile; fileRef = FEE1C5D4243E55C7008F828F /* liquidLava.png */; };
		FEE1C5D7243E55DB008F828F /* liquidWater.png in Resources */ = {isa = PBXBuildFile; fileRef = FEE1C5D6243E55DB008F828F /* liquidWater.png */; };
		FEE1C5DA243E55E2008F828F /* liquidWaterTop_mid.png in Resources */ = {isa = PBXBuildFile; fileRef = FEE1C5D8243E55E1008F828F /* liquidWaterTop_mid.png */; };
		FEE1C5DB243E55E2008F828F /* liquidWaterTop.png in Resources */ = {isa = PBXBuildFile; fileRef = FEE1C5D9243E55E1008F828F /* liquidWaterTop.png */; };
		FEE1C5DD243E563F008F828F /* black.png in Resources */ = {isa = PBXBuildFile; fileRef = FEE1C5DC243E563F008F828F /* black.png */; };
		FEE1C5DF243E5795008F828F /* SpaceScene.sks in Resources */ = {isa = PBXBuildFile; fileRef = FEE1C5DE243E5795008F828F /* SpaceScene.sks */; };
		FEE1C5E1243E58FB008F828F /* darkPurple.png in Resources */ = {isa = PBXBuildFile; fileRef = FEE1C5E0243E58FB008F828F /* darkPurple.png */; };
		FEE1C5E5243EB4F4008F828F /* meteorBrown_big4.png in Resources */ = {isa = PBXBuildFile; fileRef = FEE1C5E4243EB4F4008F828F /* meteorBrown_big4.png */; };
/* End PBXBuildFile section */

/* Begin PBXFileReference section */
		FE00A6AB24498013003AE534 /* HouseScene.sks */ = {isa = PBXFileReference; lastKnownFileType = file.sks; path = HouseScene.sks; sourceTree = "<group>"; };
		FE00A6AD2449802B003AE534 /* HouseScene.swift */ = {isa = PBXFileReference; lastKnownFileType = sourcecode.swift; path = HouseScene.swift; sourceTree = "<group>"; };
		FE2F43332436B24A008C04E9 /* Space Game.app */ = {isa = PBXFileReference; explicitFileType = wrapper.application; includeInIndex = 0; path = "Space Game.app"; sourceTree = BUILT_PRODUCTS_DIR; };
		FE2F43362436B24A008C04E9 /* AppDelegate.swift */ = {isa = PBXFileReference; lastKnownFileType = sourcecode.swift; path = AppDelegate.swift; sourceTree = "<group>"; };
		FE2F43382436B24A008C04E9 /* GameScene.sks */ = {isa = PBXFileReference; lastKnownFileType = file.sks; path = GameScene.sks; sourceTree = "<group>"; };
		FE2F433A2436B24A008C04E9 /* Actions.sks */ = {isa = PBXFileReference; lastKnownFileType = file.sks; path = Actions.sks; sourceTree = "<group>"; };
		FE2F433C2436B24A008C04E9 /* GameScene.swift */ = {isa = PBXFileReference; lastKnownFileType = sourcecode.swift; path = GameScene.swift; sourceTree = "<group>"; };
		FE2F433E2436B24A008C04E9 /* GameViewController.swift */ = {isa = PBXFileReference; lastKnownFileType = sourcecode.swift; path = GameViewController.swift; sourceTree = "<group>"; };
		FE2F43412436B24A008C04E9 /* Base */ = {isa = PBXFileReference; lastKnownFileType = file.storyboard; name = Base; path = Base.lproj/Main.storyboard; sourceTree = "<group>"; };
		FE2F43432436B24D008C04E9 /* Assets.xcassets */ = {isa = PBXFileReference; lastKnownFileType = folder.assetcatalog; path = Assets.xcassets; sourceTree = "<group>"; };
		FE2F43462436B24D008C04E9 /* Base */ = {isa = PBXFileReference; lastKnownFileType = file.storyboard; name = Base; path = Base.lproj/LaunchScreen.storyboard; sourceTree = "<group>"; };
		FE2F43482436B24D008C04E9 /* Info.plist */ = {isa = PBXFileReference; lastKnownFileType = text.plist.xml; path = Info.plist; sourceTree = "<group>"; };
		FE2F43522436B3A8008C04E9 /* dirt_grass.png */ = {isa = PBXFileReference; lastKnownFileType = image.png; path = dirt_grass.png; sourceTree = "<group>"; };
		FE2F43542436B71C008C04E9 /* star1.png */ = {isa = PBXFileReference; lastKnownFileType = image.png; path = star1.png; sourceTree = "<group>"; };
		FE2F43562436B865008C04E9 /* purple.png */ = {isa = PBXFileReference; lastKnownFileType = image.png; path = purple.png; sourceTree = "<group>"; };
		FE2F43582436C440008C04E9 /* gravel_dirt.png */ = {isa = PBXFileReference; lastKnownFileType = image.png; path = gravel_dirt.png; sourceTree = "<group>"; };
		FE2F435A2436D538008C04E9 /* Space Game.entitlements */ = {isa = PBXFileReference; lastKnownFileType = text.plist.entitlements; path = "Space Game.entitlements"; sourceTree = "<group>"; };
		FE2F435B243785D8008C04E9 /* dirt_sand.png */ = {isa = PBXFileReference; lastKnownFileType = image.png; path = dirt_sand.png; sourceTree = "<group>"; };
		FE2F435D2437A8A2008C04E9 /* playerShip1_blue.png */ = {isa = PBXFileReference; lastKnownFileType = image.png; path = playerShip1_blue.png; sourceTree = "<group>"; };
		FE2F435F2437AA33008C04E9 /* ufoGreen.png */ = {isa = PBXFileReference; lastKnownFileType = image.png; path = ufoGreen.png; sourceTree = "<group>"; };
		FE2F43612437AAEE008C04E9 /* gravel_stone.png */ = {isa = PBXFileReference; lastKnownFileType = image.png; path = gravel_stone.png; sourceTree = "<group>"; };
		FE2F436324383B91008C04E9 /* fence_wood.png */ = {isa = PBXFileReference; lastKnownFileType = image.png; path = fence_wood.png; sourceTree = "<group>"; };
		FE2F43652438441D008C04E9 /* rock.png */ = {isa = PBXFileReference; lastKnownFileType = image.png; path = rock.png; sourceTree = "<group>"; };
		FE2F436D24384788008C04E9 /* tile_grassPurpleLarge.png */ = {isa = PBXFileReference; lastKnownFileType = image.png; path = tile_grassPurpleLarge.png; sourceTree = "<group>"; };
		FE2F436F243847F2008C04E9 /* wingMan1.png */ = {isa = PBXFileReference; lastKnownFileType = image.png; path = wingMan1.png; sourceTree = "<group>"; };
		FE2F43782438F783008C04E9 /* p1_duck.png */ = {isa = PBXFileReference; lastKnownFileType = image.png; path = p1_duck.png; sourceTree = "<group>"; };
		FE2F43872438F783008C04E9 /* p1_front.png */ = {isa = PBXFileReference; lastKnownFileType = image.png; path = p1_front.png; sourceTree = "<group>"; };
		FE2F438B2438F785008C04E9 /* p1_hurt.png */ = {isa = PBXFileReference; lastKnownFileType = image.png; path = p1_hurt.png; sourceTree = "<group>"; };
		FE2F438D2438F785008C04E9 /* p1_jump.png */ = {isa = PBXFileReference; lastKnownFileType = image.png; path = p1_jump.png; sourceTree = "<group>"; };
		FE2F438E2438F786008C04E9 /* p1_stand.png */ = {isa = PBXFileReference; lastKnownFileType = image.png; path = p1_stand.png; sourceTree = "<group>"; };
		FE2F43AB2438F8F7008C04E9 /* p1_walk.atlas */ = {isa = PBXFileReference; lastKnownFileType = folder.skatlas; path = p1_walk.atlas; sourceTree = "<group>"; };
		FE3DBEF624467D6100963EA0 /* fire03.png */ = {isa = PBXFileReference; lastKnownFileType = image.png; path = fire03.png; sourceTree = "<group>"; };
		FE3DBEF824467D6B00963EA0 /* fire07.png */ = {isa = PBXFileReference; lastKnownFileType = image.png; path = fire07.png; sourceTree = "<group>"; };
		FE3DBEFA24467D7400963EA0 /* fire10.png */ = {isa = PBXFileReference; lastKnownFileType = image.png; path = fire10.png; sourceTree = "<group>"; };
		FE3DBEFC24467D8A00963EA0 /* speed.png */ = {isa = PBXFileReference; lastKnownFileType = image.png; path = speed.png; sourceTree = "<group>"; };
		FE3DBEFE24467E3700963EA0 /* nebula.png */ = {isa = PBXFileReference; lastKnownFileType = image.png; path = nebula.png; sourceTree = "<group>"; };
		FE3DBF0024467E5600963EA0 /* jetFlame2.png */ = {isa = PBXFileReference; lastKnownFileType = image.png; path = jetFlame2.png; sourceTree = "<group>"; };
		FE3DBF0124467E5600963EA0 /* jetFlame1.png */ = {isa = PBXFileReference; lastKnownFileType = image.png; path = jetFlame1.png; sourceTree = "<group>"; };
		FE3DBF0224467E5600963EA0 /* jetFlame3.png */ = {isa = PBXFileReference; lastKnownFileType = image.png; path = jetFlame3.png; sourceTree = "<group>"; };
		FEE1005D2439927700973EB9 /* sound.swift */ = {isa = PBXFileReference; fileEncoding = 4; lastKnownFileType = sourcecode.swift; path = sound.swift; sourceTree = "<group>"; };
		FEE100612439957200973EB9 /* jumpSound.mp3 */ = {isa = PBXFileReference; lastKnownFileType = audio.mp3; path = jumpSound.mp3; sourceTree = "<group>"; };
		FEE1C5C6243AA38F008F828F /* stoneHit1.mp3 */ = {isa = PBXFileReference; lastKnownFileType = audio.mp3; path = stoneHit1.mp3; sourceTree = "<group>"; };
		FEE1C5C8243C1D75008F828F /* PlanetBuilding.swift */ = {isa = PBXFileReference; lastKnownFileType = sourcecode.swift; path = PlanetBuilding.swift; sourceTree = "<group>"; };
		FEE1C5CE243E541C008F828F /* SpaceScene.swift */ = {isa = PBXFileReference; lastKnownFileType = sourcecode.swift; path = SpaceScene.swift; sourceTree = "<group>"; };
		FEE1C5D0243E55BF008F828F /* ladder_mid.png */ = {isa = PBXFileReference; lastKnownFileType = image.png; path = ladder_mid.png; sourceTree = "<group>"; };
		FEE1C5D1243E55C0008F828F /* ladder_top.png */ = {isa = PBXFileReference; lastKnownFileType = image.png; path = ladder_top.png; sourceTree = "<group>"; };
		FEE1C5D4243E55C7008F828F /* liquidLava.png */ = {isa = PBXFileReference; lastKnownFileType = image.png; path = liquidLava.png; sourceTree = "<group>"; };
		FEE1C5D6243E55DB008F828F /* liquidWater.png */ = {isa = PBXFileReference; lastKnownFileType = image.png; path = liquidWater.png; sourceTree = "<group>"; };
		FEE1C5D8243E55E1008F828F /* liquidWaterTop_mid.png */ = {isa = PBXFileReference; lastKnownFileType = image.png; path = liquidWaterTop_mid.png; sourceTree = "<group>"; };
		FEE1C5D9243E55E1008F828F /* liquidWaterTop.png */ = {isa = PBXFileReference; lastKnownFileType = image.png; path = liquidWaterTop.png; sourceTree = "<group>"; };
		FEE1C5DC243E563F008F828F /* black.png */ = {isa = PBXFileReference; lastKnownFileType = image.png; path = black.png; sourceTree = "<group>"; };
		FEE1C5DE243E5795008F828F /* SpaceScene.sks */ = {isa = PBXFileReference; lastKnownFileType = file.sks; path = SpaceScene.sks; sourceTree = "<group>"; };
		FEE1C5E0243E58FB008F828F /* darkPurple.png */ = {isa = PBXFileReference; lastKnownFileType = image.png; path = darkPurple.png; sourceTree = "<group>"; };
		FEE1C5E4243EB4F4008F828F /* meteorBrown_big4.png */ = {isa = PBXFileReference; lastKnownFileType = image.png; path = meteorBrown_big4.png; sourceTree = "<group>"; };
/* End PBXFileReference section */

/* Begin PBXFrameworksBuildPhase section */
		FE2F43302436B24A008C04E9 /* Frameworks */ = {
			isa = PBXFrameworksBuildPhase;
			buildActionMask = 2147483647;
			files = (
			);
			runOnlyForDeploymentPostprocessing = 0;
		};
/* End PBXFrameworksBuildPhase section */

/* Begin PBXGroup section */
		FE2F432A2436B24A008C04E9 = {
			isa = PBXGroup;
			children = (
				FE2F43352436B24A008C04E9 /* Space Game */,
				FE2F43342436B24A008C04E9 /* Products */,
				FE2F43522436B3A8008C04E9 /* dirt_grass.png */,
				FE2F43542436B71C008C04E9 /* star1.png */,
				FE2F43562436B865008C04E9 /* purple.png */,
				FEE1C5DC243E563F008F828F /* black.png */,
				FEE1C5E0243E58FB008F828F /* darkPurple.png */,
				FE2F43582436C440008C04E9 /* gravel_dirt.png */,
				FE2F435B243785D8008C04E9 /* dirt_sand.png */,
				FE2F435D2437A8A2008C04E9 /* playerShip1_blue.png */,
				FE2F435F2437AA33008C04E9 /* ufoGreen.png */,
				FE2F43612437AAEE008C04E9 /* gravel_stone.png */,
				FE2F436324383B91008C04E9 /* fence_wood.png */,
				FE2F43652438441D008C04E9 /* rock.png */,
				FE2F436D24384788008C04E9 /* tile_grassPurpleLarge.png */,
				FE2F436F243847F2008C04E9 /* wingMan1.png */,
				FE2F43782438F783008C04E9 /* p1_duck.png */,
				FE2F43872438F783008C04E9 /* p1_front.png */,
				FE2F438B2438F785008C04E9 /* p1_hurt.png */,
				FE2F438D2438F785008C04E9 /* p1_jump.png */,
				FE2F438E2438F786008C04E9 /* p1_stand.png */,
				FEE1C5C6243AA38F008F828F /* stoneHit1.mp3 */,
				FEE100612439957200973EB9 /* jumpSound.mp3 */,
				FEE1C5D0243E55BF008F828F /* ladder_mid.png */,
				FEE1C5D1243E55C0008F828F /* ladder_top.png */,
				FEE1C5D4243E55C7008F828F /* liquidLava.png */,
				FEE1C5E4243EB4F4008F828F /* meteorBrown_big4.png */,
				FEE1C5D6243E55DB008F828F /* liquidWater.png */,
				FEE1C5D8243E55E1008F828F /* liquidWaterTop_mid.png */,
				FE3DBEF624467D6100963EA0 /* fire03.png */,
				FE3DBEF824467D6B00963EA0 /* fire07.png */,
				FE3DBEFA24467D7400963EA0 /* fire10.png */,
				FE3DBF0124467E5600963EA0 /* jetFlame1.png */,
				FE3DBF0024467E5600963EA0 /* jetFlame2.png */,
				FE3DBF0224467E5600963EA0 /* jetFlame3.png */,
				FE3DBEFC24467D8A00963EA0 /* speed.png */,
				FEE1C5D9243E55E1008F828F /* liquidWaterTop.png */,
				FE3DBEFE24467E3700963EA0 /* nebula.png */,
				FE2F43AB2438F8F7008C04E9 /* p1_walk.atlas */,
			);
			sourceTree = "<group>";
		};
		FE2F43342436B24A008C04E9 /* Products */ = {
			isa = PBXGroup;
			children = (
				FE2F43332436B24A008C04E9 /* Space Game.app */,
			);
			name = Products;
			sourceTree = "<group>";
		};
		FE2F43352436B24A008C04E9 /* Space Game */ = {
			isa = PBXGroup;
			children = (
				FE2F435A2436D538008C04E9 /* Space Game.entitlements */,
				FE2F43362436B24A008C04E9 /* AppDelegate.swift */,
				FE2F43382436B24A008C04E9 /* GameScene.sks */,
				FEE1C5DE243E5795008F828F /* SpaceScene.sks */,
				FE00A6AB24498013003AE534 /* HouseScene.sks */,
				FE2F433A2436B24A008C04E9 /* Actions.sks */,
				FE2F433E2436B24A008C04E9 /* GameViewController.swift */,
				FE2F433C2436B24A008C04E9 /* GameScene.swift */,
				FE00A6AD2449802B003AE534 /* HouseScene.swift */,
				FEE1C5CE243E541C008F828F /* SpaceScene.swift */,
				FEE1C5C8243C1D75008F828F /* PlanetBuilding.swift */,
				FE2F43402436B24A008C04E9 /* Main.storyboard */,
				FE2F43432436B24D008C04E9 /* Assets.xcassets */,
				FEE1005D2439927700973EB9 /* sound.swift */,
				FE2F43452436B24D008C04E9 /* LaunchScreen.storyboard */,
				FE2F43482436B24D008C04E9 /* Info.plist */,
			);
			path = "Space Game";
			sourceTree = "<group>";
		};
/* End PBXGroup section */

/* Begin PBXNativeTarget section */
		FE2F43322436B24A008C04E9 /* Space Game */ = {
			isa = PBXNativeTarget;
			buildConfigurationList = FE2F434B2436B24D008C04E9 /* Build configuration list for PBXNativeTarget "Space Game" */;
			buildPhases = (
				FE2F432F2436B24A008C04E9 /* Sources */,
				FE2F43302436B24A008C04E9 /* Frameworks */,
				FE2F43312436B24A008C04E9 /* Resources */,
			);
			buildRules = (
			);
			dependencies = (
			);
			name = "Space Game";
			productName = "Space Game";
			productReference = FE2F43332436B24A008C04E9 /* Space Game.app */;
			productType = "com.apple.product-type.application";
		};
/* End PBXNativeTarget section */

/* Begin PBXProject section */
		FE2F432B2436B24A008C04E9 /* Project object */ = {
			isa = PBXProject;
			attributes = {
				LastSwiftUpdateCheck = 1140;
				LastUpgradeCheck = 1140;
				ORGANIZATIONNAME = "Ducky Planet LLC";
				TargetAttributes = {
					FE2F43322436B24A008C04E9 = {
						CreatedOnToolsVersion = 11.4;
					};
				};
			};
			buildConfigurationList = FE2F432E2436B24A008C04E9 /* Build configuration list for PBXProject "Space Game" */;
			compatibilityVersion = "Xcode 9.3";
			developmentRegion = en;
			hasScannedForEncodings = 0;
			knownRegions = (
				en,
				Base,
			);
			mainGroup = FE2F432A2436B24A008C04E9;
			productRefGroup = FE2F43342436B24A008C04E9 /* Products */;
			projectDirPath = "";
			projectRoot = "";
			targets = (
				FE2F43322436B24A008C04E9 /* Space Game */,
			);
		};
/* End PBXProject section */

/* Begin PBXResourcesBuildPhase section */
		FE2F43312436B24A008C04E9 /* Resources */ = {
			isa = PBXResourcesBuildPhase;
			buildActionMask = 2147483647;
			files = (
				FE2F4370243847F3008C04E9 /* wingMan1.png in Resources */,
				FEE1C5DF243E5795008F828F /* SpaceScene.sks in Resources */,
				FE3DBEF924467D6B00963EA0 /* fire07.png in Resources */,
				FE3DBEF724467D6100963EA0 /* fire03.png in Resources */,
				FE2F436424383B92008C04E9 /* fence_wood.png in Resources */,
				FE3DBF0324467E5600963EA0 /* jetFlame2.png in Resources */,
				FE2F43422436B24A008C04E9 /* Main.storyboard in Resources */,
				FE3DBF0424467E5600963EA0 /* jetFlame1.png in Resources */,
				FE2F43622437AAEF008C04E9 /* gravel_stone.png in Resources */,
				FEE1C5D2243E55C0008F828F /* ladder_mid.png in Resources */,
				FE2F43552436B71C008C04E9 /* star1.png in Resources */,
				FE00A6AC24498013003AE534 /* HouseScene.sks in Resources */,
				FE2F43602437AA34008C04E9 /* ufoGreen.png in Resources */,
				FEE1C5D7243E55DB008F828F /* liquidWater.png in Resources */,
				FEE1C5C7243AA38F008F828F /* stoneHit1.mp3 in Resources */,
				FEE1C5E5243EB4F4008F828F /* meteorBrown_big4.png in Resources */,
				FE3DBEFD24467D8A00963EA0 /* speed.png in Resources */,
				FE2F43A92438F786008C04E9 /* p1_jump.png in Resources */,
				FE2F43AA2438F786008C04E9 /* p1_stand.png in Resources */,
				FE2F43392436B24A008C04E9 /* GameScene.sks in Resources */,
				FEE1C5DB243E55E2008F828F /* liquidWaterTop.png in Resources */,
				FE2F43532436B3A8008C04E9 /* dirt_grass.png in Resources */,
				FE2F435C243785D9008C04E9 /* dirt_sand.png in Resources */,
				FE2F43442436B24D008C04E9 /* Assets.xcassets in Resources */,
				FE3DBF0524467E5600963EA0 /* jetFlame3.png in Resources */,
				FE2F43A32438F786008C04E9 /* p1_front.png in Resources */,
				FEE1C5DA243E55E2008F828F /* liquidWaterTop_mid.png in Resources */,
				FEE1C5D3243E55C0008F828F /* ladder_top.png in Resources */,
				FE2F43572436B865008C04E9 /* purple.png in Resources */,
				FE2F43AC2438F8F8008C04E9 /* p1_walk.atlas in Resources */,
				FE2F43592436C441008C04E9 /* gravel_dirt.png in Resources */,
				FE3DBEFB24467D7500963EA0 /* fire10.png in Resources */,
				FEE100622439957200973EB9 /* jumpSound.mp3 in Resources */,
				FE2F43A72438F786008C04E9 /* p1_hurt.png in Resources */,
				FEE1C5E1243E58FB008F828F /* darkPurple.png in Resources */,
				FEE1C5D5243E55C8008F828F /* liquidLava.png in Resources */,
				FEE1C5DD243E563F008F828F /* black.png in Resources */,
				FE2F43662438441D008C04E9 /* rock.png in Resources */,
				FE2F436E24384788008C04E9 /* tile_grassPurpleLarge.png in Resources */,
				FE2F43472436B24D008C04E9 /* LaunchScreen.storyboard in Resources */,
				FE3DBEFF24467E3700963EA0 /* nebula.png in Resources */,
				FE2F43952438F786008C04E9 /* p1_duck.png in Resources */,
				FE2F435E2437A8A3008C04E9 /* playerShip1_blue.png in Resources */,
				FE2F433B2436B24A008C04E9 /* Actions.sks in Resources */,
			);
			runOnlyForDeploymentPostprocessing = 0;
		};
/* End PBXResourcesBuildPhase section */

/* Begin PBXSourcesBuildPhase section */
		FE2F432F2436B24A008C04E9 /* Sources */ = {
			isa = PBXSourcesBuildPhase;
			buildActionMask = 2147483647;
			files = (
				FE2F433D2436B24A008C04E9 /* GameScene.swift in Sources */,
				FE00A6AE2449802B003AE534 /* HouseScene.swift in Sources */,
				FE2F433F2436B24A008C04E9 /* GameViewController.swift in Sources */,
				FE2F43372436B24A008C04E9 /* AppDelegate.swift in Sources */,
				FEE1C5C9243C1D75008F828F /* PlanetBuilding.swift in Sources */,
				FEE1005E2439927700973EB9 /* sound.swift in Sources */,
				FEE1C5CF243E541C008F828F /* SpaceScene.swift in Sources */,
			);
			runOnlyForDeploymentPostprocessing = 0;
		};
/* End PBXSourcesBuildPhase section */

/* Begin PBXVariantGroup section */
		FE2F43402436B24A008C04E9 /* Main.storyboard */ = {
			isa = PBXVariantGroup;
			children = (
				FE2F43412436B24A008C04E9 /* Base */,
			);
			name = Main.storyboard;
			sourceTree = "<group>";
		};
		FE2F43452436B24D008C04E9 /* LaunchScreen.storyboard */ = {
			isa = PBXVariantGroup;
			children = (
				FE2F43462436B24D008C04E9 /* Base */,
			);
			name = LaunchScreen.storyboard;
			sourceTree = "<group>";
		};
/* End PBXVariantGroup section */

/* Begin XCBuildConfiguration section */
		FE2F43492436B24D008C04E9 /* Debug */ = {
			isa = XCBuildConfiguration;
			buildSettings = {
				ALWAYS_SEARCH_USER_PATHS = NO;
				CLANG_ANALYZER_NONNULL = YES;
				CLANG_ANALYZER_NUMBER_OBJECT_CONVERSION = YES_AGGRESSIVE;
				CLANG_CXX_LANGUAGE_STANDARD = "gnu++14";
				CLANG_CXX_LIBRARY = "libc++";
				CLANG_ENABLE_MODULES = YES;
				CLANG_ENABLE_OBJC_ARC = YES;
				CLANG_ENABLE_OBJC_WEAK = YES;
				CLANG_WARN_BLOCK_CAPTURE_AUTORELEASING = YES;
				CLANG_WARN_BOOL_CONVERSION = YES;
				CLANG_WARN_COMMA = YES;
				CLANG_WARN_CONSTANT_CONVERSION = YES;
				CLANG_WARN_DEPRECATED_OBJC_IMPLEMENTATIONS = YES;
				CLANG_WARN_DIRECT_OBJC_ISA_USAGE = YES_ERROR;
				CLANG_WARN_DOCUMENTATION_COMMENTS = YES;
				CLANG_WARN_EMPTY_BODY = YES;
				CLANG_WARN_ENUM_CONVERSION = YES;
				CLANG_WARN_INFINITE_RECURSION = YES;
				CLANG_WARN_INT_CONVERSION = YES;
				CLANG_WARN_NON_LITERAL_NULL_CONVERSION = YES;
				CLANG_WARN_OBJC_IMPLICIT_RETAIN_SELF = YES;
				CLANG_WARN_OBJC_LITERAL_CONVERSION = YES;
				CLANG_WARN_OBJC_ROOT_CLASS = YES_ERROR;
				CLANG_WARN_RANGE_LOOP_ANALYSIS = YES;
				CLANG_WARN_STRICT_PROTOTYPES = YES;
				CLANG_WARN_SUSPICIOUS_MOVE = YES;
				CLANG_WARN_UNGUARDED_AVAILABILITY = YES_AGGRESSIVE;
				CLANG_WARN_UNREACHABLE_CODE = YES;
				CLANG_WARN__DUPLICATE_METHOD_MATCH = YES;
				COPY_PHASE_STRIP = NO;
				DEBUG_INFORMATION_FORMAT = dwarf;
				ENABLE_STRICT_OBJC_MSGSEND = YES;
				ENABLE_TESTABILITY = YES;
				GCC_C_LANGUAGE_STANDARD = gnu11;
				GCC_DYNAMIC_NO_PIC = NO;
				GCC_NO_COMMON_BLOCKS = YES;
				GCC_OPTIMIZATION_LEVEL = 0;
				GCC_PREPROCESSOR_DEFINITIONS = (
					"DEBUG=1",
					"$(inherited)",
				);
				GCC_WARN_64_TO_32_BIT_CONVERSION = YES;
				GCC_WARN_ABOUT_RETURN_TYPE = YES_ERROR;
				GCC_WARN_UNDECLARED_SELECTOR = YES;
				GCC_WARN_UNINITIALIZED_AUTOS = YES_AGGRESSIVE;
				GCC_WARN_UNUSED_FUNCTION = YES;
				GCC_WARN_UNUSED_VARIABLE = YES;
				IPHONEOS_DEPLOYMENT_TARGET = 13.4;
				MTL_ENABLE_DEBUG_INFO = INCLUDE_SOURCE;
				MTL_FAST_MATH = YES;
				ONLY_ACTIVE_ARCH = YES;
				SDKROOT = iphoneos;
				SWIFT_ACTIVE_COMPILATION_CONDITIONS = DEBUG;
				SWIFT_OPTIMIZATION_LEVEL = "-Onone";
			};
			name = Debug;
		};
		FE2F434A2436B24D008C04E9 /* Release */ = {
			isa = XCBuildConfiguration;
			buildSettings = {
				ALWAYS_SEARCH_USER_PATHS = NO;
				CLANG_ANALYZER_NONNULL = YES;
				CLANG_ANALYZER_NUMBER_OBJECT_CONVERSION = YES_AGGRESSIVE;
				CLANG_CXX_LANGUAGE_STANDARD = "gnu++14";
				CLANG_CXX_LIBRARY = "libc++";
				CLANG_ENABLE_MODULES = YES;
				CLANG_ENABLE_OBJC_ARC = YES;
				CLANG_ENABLE_OBJC_WEAK = YES;
				CLANG_WARN_BLOCK_CAPTURE_AUTORELEASING = YES;
				CLANG_WARN_BOOL_CONVERSION = YES;
				CLANG_WARN_COMMA = YES;
				CLANG_WARN_CONSTANT_CONVERSION = YES;
				CLANG_WARN_DEPRECATED_OBJC_IMPLEMENTATIONS = YES;
				CLANG_WARN_DIRECT_OBJC_ISA_USAGE = YES_ERROR;
				CLANG_WARN_DOCUMENTATION_COMMENTS = YES;
				CLANG_WARN_EMPTY_BODY = YES;
				CLANG_WARN_ENUM_CONVERSION = YES;
				CLANG_WARN_INFINITE_RECURSION = YES;
				CLANG_WARN_INT_CONVERSION = YES;
				CLANG_WARN_NON_LITERAL_NULL_CONVERSION = YES;
				CLANG_WARN_OBJC_IMPLICIT_RETAIN_SELF = YES;
				CLANG_WARN_OBJC_LITERAL_CONVERSION = YES;
				CLANG_WARN_OBJC_ROOT_CLASS = YES_ERROR;
				CLANG_WARN_RANGE_LOOP_ANALYSIS = YES;
				CLANG_WARN_STRICT_PROTOTYPES = YES;
				CLANG_WARN_SUSPICIOUS_MOVE = YES;
				CLANG_WARN_UNGUARDED_AVAILABILITY = YES_AGGRESSIVE;
				CLANG_WARN_UNREACHABLE_CODE = YES;
				CLANG_WARN__DUPLICATE_METHOD_MATCH = YES;
				COPY_PHASE_STRIP = NO;
				DEBUG_INFORMATION_FORMAT = "dwarf-with-dsym";
				ENABLE_NS_ASSERTIONS = NO;
				ENABLE_STRICT_OBJC_MSGSEND = YES;
				GCC_C_LANGUAGE_STANDARD = gnu11;
				GCC_NO_COMMON_BLOCKS = YES;
				GCC_WARN_64_TO_32_BIT_CONVERSION = YES;
				GCC_WARN_ABOUT_RETURN_TYPE = YES_ERROR;
				GCC_WARN_UNDECLARED_SELECTOR = YES;
				GCC_WARN_UNINITIALIZED_AUTOS = YES_AGGRESSIVE;
				GCC_WARN_UNUSED_FUNCTION = YES;
				GCC_WARN_UNUSED_VARIABLE = YES;
				IPHONEOS_DEPLOYMENT_TARGET = 13.4;
				MTL_ENABLE_DEBUG_INFO = NO;
				MTL_FAST_MATH = YES;
				SDKROOT = iphoneos;
				SWIFT_COMPILATION_MODE = wholemodule;
				SWIFT_OPTIMIZATION_LEVEL = "-O";
				VALIDATE_PRODUCT = YES;
			};
			name = Release;
		};
		FE2F434C2436B24D008C04E9 /* Debug */ = {
			isa = XCBuildConfiguration;
			buildSettings = {
				ASSETCATALOG_COMPILER_APPICON_NAME = AppIcon;
				CODE_SIGN_ENTITLEMENTS = "Space Game/Space Game.entitlements";
				CODE_SIGN_STYLE = Automatic;
				DEVELOPMENT_TEAM = 2493S56G62;
				INFOPLIST_FILE = "Space Game/Info.plist";
				IPHONEOS_DEPLOYMENT_TARGET = 13.3;
				LD_RUNPATH_SEARCH_PATHS = (
					"$(inherited)",
					"@executable_path/Frameworks",
				);
				PRODUCT_BUNDLE_IDENTIFIER = "com.duckyplanet.Space-Game";
				PRODUCT_NAME = "$(TARGET_NAME)";
				SUPPORTS_MACCATALYST = YES;
				SWIFT_VERSION = 5.0;
				TARGETED_DEVICE_FAMILY = "1,2";
			};
			name = Debug;
		};
		FE2F434D2436B24D008C04E9 /* Release */ = {
			isa = XCBuildConfiguration;
			buildSettings = {
				ASSETCATALOG_COMPILER_APPICON_NAME = AppIcon;
				CODE_SIGN_ENTITLEMENTS = "Space Game/Space Game.entitlements";
				CODE_SIGN_STYLE = Automatic;
				DEVELOPMENT_TEAM = 2493S56G62;
				INFOPLIST_FILE = "Space Game/Info.plist";
				IPHONEOS_DEPLOYMENT_TARGET = 13.3;
				LD_RUNPATH_SEARCH_PATHS = (
					"$(inherited)",
					"@executable_path/Frameworks",
				);
				PRODUCT_BUNDLE_IDENTIFIER = "com.duckyplanet.Space-Game";
				PRODUCT_NAME = "$(TARGET_NAME)";
				SUPPORTS_MACCATALYST = YES;
				SWIFT_VERSION = 5.0;
				TARGETED_DEVICE_FAMILY = "1,2";
			};
			name = Release;
		};
/* End XCBuildConfiguration section */

/* Begin XCConfigurationList section */
		FE2F432E2436B24A008C04E9 /* Build configuration list for PBXProject "Space Game" */ = {
			isa = XCConfigurationList;
			buildConfigurations = (
				FE2F43492436B24D008C04E9 /* Debug */,
				FE2F434A2436B24D008C04E9 /* Release */,
			);
			defaultConfigurationIsVisible = 0;
			defaultConfigurationName = Release;
		};
		FE2F434B2436B24D008C04E9 /* Build configuration list for PBXNativeTarget "Space Game" */ = {
			isa = XCConfigurationList;
			buildConfigurations = (
				FE2F434C2436B24D008C04E9 /* Debug */,
				FE2F434D2436B24D008C04E9 /* Release */,
			);
			defaultConfigurationIsVisible = 0;
			defaultConfigurationName = Release;
		};
/* End XCConfigurationList section */
	};
	rootObject = FE2F432B2436B24A008C04E9 /* Project object */;
}
